#
# This file is autogenerated by pip-compile with Python 3.11
# by the following command:
#
#    pip-compile --extra=dev --output-file=requirements.lock pyproject.toml
#
alembic==1.19.0
    # via scene-search-p-081 (pyproject.toml)
amqp==5.3.1
    # via kombu
annotated-doc==0.0.5
    # via fastapi
annotated-types==0.8.0
    # via pydantic
anyio==4.14.2
    # via
    #   httpx
    #   langsmith
    #   openai
    #   starlette
    #   watchfiles
argon2-cffi==25.1.0
    # via minio
argon2-cffi-bindings==25.1.0
    # via argon2-cffi
asyncpg==0.31.0
    # via scene-search-p-081 (pyproject.toml)
billiard==4.2.4
    # via celery
build==1.5.0
    # via pip-tools
celery[redis]==5.6.3
    # via scene-search-p-081 (pyproject.toml)
certifi==2026.7.22
    # via
    #   httpcore
    #   httpx
    #   minio
    #   requests
cffi==2.1.1
    # via argon2-cffi-bindings
charset-normalizer==3.4.9
    # via requests
click==8.4.2
    # via
    #   celery
    #   click-didyoumean
    #   click-plugins
    #   click-repl
    #   pip-tools
    #   uvicorn
click-didyoumean==0.3.1
    # via celery
click-plugins==1.1.1.2
    # via celery
click-repl==0.3.0
    # via celery
distro==1.9.0
    # via
    #   langsmith
    #   openai
fastapi==0.141.1
    # via scene-search-p-081 (pyproject.toml)
greenlet==3.5.4
    # via sqlalchemy
grpcio==1.83.0
    # via qdrant-client
h11==0.16.0
    # via
    #   httpcore
    #   uvicorn
h2==4.4.1
    # via httpx
hpack==4.2.0
    # via h2
httpcore==1.0.9
    # via httpx
httptools==0.8.0
    # via uvicorn
httpx[http2]==0.28.1
    # via
    #   langgraph-sdk
    #   langsmith
    #   openai
    #   qdrant-client
    #   scene-search-p-081 (pyproject.toml)
hyperframe==6.1.0
    # via h2
idna==3.18
    # via
    #   anyio
    #   httpx
    #   requests
iniconfig==2.3.0
    # via pytest
jiter==0.16.0
    # via openai
jsonpatch==1.33
    # via langchain-core
jsonpointer==3.1.1
    # via jsonpatch
kombu[redis]==5.6.2
    # via celery
langchain-core==1.5.3
    # via
    #   langchain-openai
    #   langgraph
    #   langgraph-checkpoint
    #   langgraph-prebuilt
    #   scene-search-p-081 (pyproject.toml)
langchain-openai==1.4.1
    # via scene-search-p-081 (pyproject.toml)
langchain-protocol==0.0.18
    # via langchain-core
langgraph==0.6.11
    # via scene-search-p-081 (pyproject.toml)
langgraph-checkpoint==3.0.1
    # via
    #   langgraph
    #   langgraph-prebuilt
langgraph-prebuilt==0.6.5
    # via langgraph
langgraph-sdk==0.2.15
    # via langgraph
langsmith==0.10.15
    # via langchain-core
loguru==0.7.3
    # via scene-search-p-081 (pyproject.toml)
mako==1.4.0
    # via alembic
markupsafe==3.0.3
    # via mako
minio==7.2.20
    # via scene-search-p-081 (pyproject.toml)
numpy==2.4.6
    # via qdrant-client
openai==2.53.0
    # via langchain-openai
orjson==3.11.9
    # via
    #   langgraph-sdk
    #   langsmith
ormsgpack==1.12.2
    # via langgraph-checkpoint
packaging==26.3
    # via
    #   build
    #   kombu
    #   langchain-core
    #   langsmith
    #   pytest
    #   wheel
pip-tools==7.6.0
    # via scene-search-p-081 (pyproject.toml)
pluggy==1.6.0
    # via pytest
portalocker==3.2.0
    # via qdrant-client
prompt-toolkit==3.0.53
    # via click-repl
protobuf==7.35.1
    # via qdrant-client
pycparser==3.0
    # via cffi
pycryptodome==3.23.0
    # via minio
pydantic==2.13.4
    # via
    #   fastapi
    #   langchain-core
    #   langgraph
    #   langsmith
    #   openai
    #   pydantic-settings
    #   qdrant-client
pydantic-core==2.46.4
    # via pydantic
pydantic-settings==2.14.2
    # via scene-search-p-081 (pyproject.toml)
pygments==2.20.0
    # via pytest
pyproject-hooks==1.2.0
    # via
    #   build
    #   pip-tools
pytest==9.1.1
    # via
    #   pytest-asyncio
    #   scene-search-p-081 (pyproject.toml)
pytest-asyncio==1.4.0
    # via scene-search-p-081 (pyproject.toml)
python-dateutil==2.9.0.post0
    # via celery
python-dotenv==1.2.2
    # via
    #   pydantic-settings
    #   uvicorn
pyyaml==6.0.3
    # via
    #   langchain-core
    #   uvicorn
qdrant-client==1.19.0
    # via scene-search-p-081 (pyproject.toml)
redis==6.4.0
    # via
    #   kombu
    #   scene-search-p-081 (pyproject.toml)
regex==2026.7.19
    # via tiktoken
requests==2.34.2
    # via
    #   langsmith
    #   requests-toolbelt
    #   tiktoken
requests-toolbelt==1.0.0
    # via langsmith
ruff==0.16.1
    # via scene-search-p-081 (pyproject.toml)
six==1.17.0
    # via python-dateutil
sniffio==1.3.1
    # via
    #   langsmith
    #   openai
sqlalchemy[asyncio]==2.0.51
    # via
    #   alembic
    #   scene-search-p-081 (pyproject.toml)
starlette==1.3.1
    # via fastapi
tenacity==9.1.4
    # via langchain-core
tiktoken==0.13.0
    # via langchain-openai
tqdm==4.70.0
    # via openai
typing-extensions==4.16.0
    # via
    #   alembic
    #   anyio
    #   fastapi
    #   grpcio
    #   langchain-core
    #   langchain-protocol
    #   langsmith
    #   minio
    #   openai
    #   pydantic
    #   pydantic-core
    #   pytest-asyncio
    #   sqlalchemy
    #   starlette
    #   typing-inspection
typing-inspection==0.4.2
    # via
    #   fastapi
    #   pydantic
    #   pydantic-settings
tzdata==2026.3
    # via kombu
tzlocal==5.4.4
    # via celery
urllib3==2.7.0
    # via
    #   minio
    #   qdrant-client
    #   requests
uuid-utils==0.17.0
    # via
    #   langchain-core
    #   langsmith
uvicorn[standard]==0.52.1
    # via scene-search-p-081 (pyproject.toml)
uvloop==0.22.1
    # via uvicorn
vine==5.1.0
    # via
    #   amqp
    #   celery
    #   kombu
watchfiles==1.2.0
    # via uvicorn
wcwidth==0.8.2
    # via prompt-toolkit
websockets==17.0.1
    # via
    #   langsmith
    #   uvicorn
wheel==0.47.0
    # via pip-tools
xxhash==3.8.1
    # via
    #   langgraph
    #   langsmith
zstandard==0.25.0
    # via langsmith

# The following packages are considered to be unsafe in a requirements file:
# pip
# setuptools
